// !$*UTF8*$!
{
	archiveVersion = 1;
	classes = {
	};
	objectVersion = 50;
	objects = {

/* Begin PBXBuildFile section */
		4D22D747252C1C02007F198E /* AppDelegate.swift in Sources */ = {isa = PBXBuildFile; fileRef = 4D22D746252C1C02007F198E /* AppDelegate.swift */; };
		4D22D749252C1C02007F198E /* SceneDelegate.swift in Sources */ = {isa = PBXBuildFile; fileRef = 4D22D748252C1C02007F198E /* SceneDelegate.swift */; };
		4D22D74B252C1C02007F198E /* ViewController.swift in Sources */ = {isa = PBXBuildFile; fileRef = 4D22D74A252C1C02007F198E /* ViewController.swift */; };
		4D22D74E252C1C02007F198E /* Main.storyboard in Resources */ = {isa = PBXBuildFile; fileRef = 4D22D74C252C1C02007F198E /* Main.storyboard */; };
		4D22D750252C1C13007F198E /* Assets.xcassets in Resources */ = {isa = PBXBuildFile; fileRef = 4D22D74F252C1C13007F198E /* Assets.xcassets */; };
		4D22D753252C1C13007F198E /* LaunchScreen.storyboard in Resources */ = {isa = PBXBuildFile; fileRef = 4D22D751252C1C13007F198E /* LaunchScreen.storyboard */; };
		4D411260252E6E1C0049E15A /* GoogleService-Info (3).plist in Resources */ = {isa = PBXBuildFile; fileRef = 4D41125F252E6E1C0049E15A /* GoogleService-Info (3).plist */; };
		F59F0BDE9BE7CDEDB725D2A7 /* Pods_workoutApp.framework in Frameworks */ = {isa = PBXBuildFile; fileRef = C5614591B05F128D8AE5C4AB /* Pods_workoutApp.framework */; };
/* End PBXBuildFile section */

/* Begin PBXFileReference section */
		308B6EA7012131F1721DD905 /* Pods-workoutApp.debug.xcconfig */ = {isa = PBXFileReference; includeInIndex = 1; lastKnownFileType = text.xcconfig; name = "Pods-workoutApp.debug.xcconfig"; path = "Target Support Files/Pods-workoutApp/Pods-workoutApp.debug.xcconfig"; sourceTree = "<group>"; };
		4D22D743252C1C02007F198E /* workoutApp.app */ = {isa = PBXFileReference; explicitFileType = wrapper.application; includeInIndex = 0; path = workoutApp.app; sourceTree = BUILT_PRODUCTS_DIR; };
		4D22D746252C1C02007F198E /* AppDelegate.swift */ = {isa = PBXFileReference; lastKnownFileType = sourcecode.swift; path = AppDelegate.swift; sourceTree = "<group>"; };
		4D22D748252C1C02007F198E /* SceneDelegate.swift */ = {isa = PBXFileReference; lastKnownFileType = sourcecode.swift; path = SceneDelegate.swift; sourceTree = "<group>"; };
		4D22D74A252C1C02007F198E /* ViewController.swift */ = {isa = PBXFileReference; lastKnownFileType = sourcecode.swift; path = ViewController.swift; sourceTree = "<group>"; };
		4D22D74D252C1C02007F198E /* Base */ = {isa = PBXFileReference; lastKnownFileType = file.storyboard; name = Base; path = Base.lproj/Main.storyboard; sourceTree = "<group>"; };
		4D22D74F252C1C13007F198E /* Assets.xcassets */ = {isa = PBXFileReference; lastKnownFileType = folder.assetcatalog; path = Assets.xcassets; sourceTree = "<group>"; };
		4D22D752252C1C13007F198E /* Base */ = {isa = PBXFileReference; lastKnownFileType = file.storyboard; name = Base; path = Base.lproj/LaunchScreen.storyboard; sourceTree = "<group>"; };
		4D22D754252C1C13007F198E /* Info.plist */ = {isa = PBXFileReference; lastKnownFileType = text.plist.xml; path = Info.plist; sourceTree = "<group>"; };
		4D41125F252E6E1C0049E15A /* GoogleService-Info (3).plist */ = {isa = PBXFileReference; fileEncoding = 4; lastKnownFileType = text.plist.xml; path = "GoogleService-Info (3).plist"; sourceTree = "<group>"; };
		74543E353B12591FDFF7B9F5 /* Pods-workoutApp.release.xcconfig */ = {isa = PBXFileReference; includeInIndex = 1; lastKnownFileType = text.xcconfig; name = "Pods-workoutApp.release.xcconfig"; path = "Target Support Files/Pods-workoutApp/Pods-workoutApp.release.xcconfig"; sourceTree = "<group>"; };
		C5614591B05F128D8AE5C4AB /* Pods_workoutApp.framework */ = {isa = PBXFileReference; explicitFileType = wrapper.framework; includeInIndex = 0; path = Pods_workoutApp.framework; sourceTree = BUILT_PRODUCTS_DIR; };
/* End PBXFileReference section */

/* Begin PBXFrameworksBuildPhase section */
		4D22D740252C1C01007F198E /* Frameworks */ = {
			isa = PBXFrameworksBuildPhase;
			buildActionMask = 2147483647;
			files = (
				F59F0BDE9BE7CDEDB725D2A7 /* Pods_workoutApp.framework in Frameworks */,
			);
			runOnlyForDeploymentPostprocessing = 0;
		};
/* End PBXFrameworksBuildPhase section */

/* Begin PBXGroup section */
		4D22D73A252C1C00007F198E = {
			isa = PBXGroup;
			children = (
				4D22D745252C1C02007F198E /* workoutApp */,
				4D22D744252C1C02007F198E /* Products */,
				B96D71A51842C7A3D36AD196 /* Pods */,
				B8797A7ABBED41DDDAE75C8E /* Frameworks */,
			);
			sourceTree = "<group>";
		};
		4D22D744252C1C02007F198E /* Products */ = {
			isa = PBXGroup;
			children = (
				4D22D743252C1C02007F198E /* workoutApp.app */,
			);
			name = Products;
			sourceTree = "<group>";
		};
		4D22D745252C1C02007F198E /* workoutApp */ = {
			isa = PBXGroup;
			children = (
				4D22D746252C1C02007F198E /* AppDelegate.swift */,
				4D22D748252C1C02007F198E /* SceneDelegate.swift */,
				4D22D74A252C1C02007F198E /* ViewController.swift */,
				4D22D74C252C1C02007F198E /* Main.storyboard */,
				4D41125F252E6E1C0049E15A /* GoogleService-Info (3).plist */,
				4D22D74F252C1C13007F198E /* Assets.xcassets */,
				4D22D751252C1C13007F198E /* LaunchScreen.storyboard */,
				4D22D754252C1C13007F198E /* Info.plist */,
			);
			path = workoutApp;
			sourceTree = "<group>";
		};
		B8797A7ABBED41DDDAE75C8E /* Frameworks */ = {
			isa = PBXGroup;
			children = (
				C5614591B05F128D8AE5C4AB /* Pods_workoutApp.framework */,
			);
			name = Frameworks;
			sourceTree = "<group>";
		};
		B96D71A51842C7A3D36AD196 /* Pods */ = {
			isa = PBXGroup;
			children = (
				308B6EA7012131F1721DD905 /* Pods-workoutApp.debug.xcconfig */,
				74543E353B12591FDFF7B9F5 /* Pods-workoutApp.release.xcconfig */,
			);
			name = Pods;
			path = Pods;
			sourceTree = "<group>";
		};
/* End PBXGroup section */

/* Begin PBXNativeTarget section */
		4D22D742252C1C01007F198E /* workoutApp */ = {
			isa = PBXNativeTarget;
			buildConfigurationList = 4D22D757252C1C13007F198E /* Build configuration list for PBXNativeTarget "workoutApp" */;
			buildPhases = (
				7E5BD23A372474843DF89867 /* [CP] Check Pods Manifest.lock */,
				4D22D73F252C1C01007F198E /* Sources */,
				4D22D740252C1C01007F198E /* Frameworks */,
				4D22D741252C1C01007F198E /* Resources */,
				4EC0CD14D3009418AAEC00B1 /* [CP] Embed Pods Frameworks */,
				855929ED01460460362B9FCB /* [CP] Copy Pods Resources */,
			);
			buildRules = (
			);
			dependencies = (
			);
			name = workoutApp;
			productName = workoutApp;
			productReference = 4D22D743252C1C02007F198E /* workoutApp.app */;
			productType = "com.apple.product-type.application";
		};
/* End PBXNativeTarget section */

/* Begin PBXProject section */
		4D22D73B252C1C00007F198E /* Project object */ = {
			isa = PBXProject;
			attributes = {
				LastSwiftUpdateCheck = 1130;
				LastUpgradeCheck = 1130;
				ORGANIZATIONNAME = "Charlie Perkins";
				TargetAttributes = {
					4D22D742252C1C01007F198E = {
						CreatedOnToolsVersion = 11.3.1;
					};
				};
			};
			buildConfigurationList = 4D22D73E252C1C01007F198E /* Build configuration list for PBXProject "workoutApp" */;
			compatibilityVersion = "Xcode 9.3";
			developmentRegion = en;
			hasScannedForEncodings = 0;
			knownRegions = (
				en,
				Base,
			);
			mainGroup = 4D22D73A252C1C00007F198E;
			productRefGroup = 4D22D744252C1C02007F198E /* Products */;
			projectDirPath = "";
			projectRoot = "";
			targets = (
				4D22D742252C1C01007F198E /* workoutApp */,
			);
		};
/* End PBXProject section */

/* Begin PBXResourcesBuildPhase section */
		4D22D741252C1C01007F198E /* Resources */ = {
			isa = PBXResourcesBuildPhase;
			buildActionMask = 2147483647;
			files = (
				4D22D753252C1C13007F198E /* LaunchScreen.storyboard in Resources */,
				4D411260252E6E1C0049E15A /* GoogleService-Info (3).plist in Resources */,
				4D22D750252C1C13007F198E /* Assets.xcassets in Resources */,
				4D22D74E252C1C02007F198E /* Main.storyboard in Resources */,
			);
			runOnlyForDeploymentPostprocessing = 0;
		};
/* End PBXResourcesBuildPhase section */

/* Begin PBXShellScriptBuildPhase section */
		4EC0CD14D3009418AAEC00B1 /* [CP] Embed Pods Frameworks */ = {
			isa = PBXShellScriptBuildPhase;
			buildActionMask = 2147483647;
			files = (
			);
			inputFileListPaths = (
				"${PODS_ROOT}/Target Support Files/Pods-workoutApp/Pods-workoutApp-frameworks-${CONFIGURATION}-input-files.xcfilelist",
			);
			name = "[CP] Embed Pods Frameworks";
			outputFileListPaths = (
				"${PODS_ROOT}/Target Support Files/Pods-workoutApp/Pods-workoutApp-frameworks-${CONFIGURATION}-output-files.xcfilelist",
			);
			runOnlyForDeploymentPostprocessing = 0;
			shellPath = /bin/sh;
			shellScript = "\"${PODS_ROOT}/Target Support Files/Pods-workoutApp/Pods-workoutApp-frameworks.sh\"\n";
			showEnvVarsInLog = 0;
		};
		7E5BD23A372474843DF89867 /* [CP] Check Pods Manifest.lock */ = {
			isa = PBXShellScriptBuildPhase;
			buildActionMask = 2147483647;
			files = (
			);
			inputFileListPaths = (
			);
			inputPaths = (
				"${PODS_PODFILE_DIR_PATH}/Podfile.lock",
				"${PODS_ROOT}/Manifest.lock",
			);
			name = "[CP] Check Pods Manifest.lock";
			outputFileListPaths = (
			);
			outputPaths = (
				"$(DERIVED_FILE_DIR)/Pods-workoutApp-checkManifestLockResult.txt",
			);
			runOnlyForDeploymentPostprocessing = 0;
			shellPath = /bin/sh;
			shellScript = "diff \"${PODS_PODFILE_DIR_PATH}/Podfile.lock\" \"${PODS_ROOT}/Manifest.lock\" > /dev/null\nif [ $? != 0 ] ; then\n    # print error to STDERR\n    echo \"error: The sandbox is not in sync with the Podfile.lock. Run 'pod install' or update your CocoaPods installation.\" >&2\n    exit 1\nfi\n# This output is used by Xcode 'outputs' to avoid re-running this script phase.\necho \"SUCCESS\" > \"${SCRIPT_OUTPUT_FILE_0}\"\n";
			showEnvVarsInLog = 0;
		};
		855929ED01460460362B9FCB /* [CP] Copy Pods Resources */ = {
			isa = PBXShellScriptBuildPhase;
			buildActionMask = 2147483647;
			files = (
			);
			inputFileListPaths = (
				"${PODS_ROOT}/Target Support Files/Pods-workoutApp/Pods-workoutApp-resources-${CONFIGURATION}-input-files.xcfilelist",
			);
			name = "[CP] Copy Pods Resources";
			outputFileListPaths = (
				"${PODS_ROOT}/Target Support Files/Pods-workoutApp/Pods-workoutApp-resources-${CONFIGURATION}-output-files.xcfilelist",
			);
			runOnlyForDeploymentPostprocessing = 0;
			shellPath = /bin/sh;
			shellScript = "\"${PODS_ROOT}/Target Support Files/Pods-workoutApp/Pods-workoutApp-resources.sh\"\n";
			showEnvVarsInLog = 0;
		};
/* End PBXShellScriptBuildPhase section */

/* Begin PBXSourcesBuildPhase section */
		4D22D73F252C1C01007F198E /* Sources */ = {
			isa = PBXSourcesBuildPhase;
			buildActionMask = 2147483647;
			files = (
				4D22D74B252C1C02007F198E /* ViewController.swift in Sources */,
				4D22D747252C1C02007F198E /* AppDelegate.swift in Sources */,
				4D22D749252C1C02007F198E /* SceneDelegate.swift in Sources */,
			);
			runOnlyForDeploymentPostprocessing = 0;
		};
/* End PBXSourcesBuildPhase section */

/* Begin PBXVariantGroup section */
		4D22D74C252C1C02007F198E /* Main.storyboard */ = {
			isa = PBXVariantGroup;
			children = (
				4D22D74D252C1C02007F198E /* Base */,
			);
			name = Main.storyboard;
			sourceTree = "<group>";
		};
		4D22D751252C1C13007F198E /* LaunchScreen.storyboard */ = {
			isa = PBXVariantGroup;
			children = (
				4D22D752252C1C13007F198E /* Base */,
			);
			name = LaunchScreen.storyboard;
			sourceTree = "<group>";
		};
/* End PBXVariantGroup section */

/* Begin XCBuildConfiguration section */
		4D22D755252C1C13007F198E /* Debug */ = {
			isa = XCBuildConfiguration;
			buildSettings = {
				ALWAYS_SEARCH_USER_PATHS = NO;
				CLANG_ANALYZER_NONNULL = YES;
				CLANG_ANALYZER_NUMBER_OBJECT_CONVERSION = YES_AGGRESSIVE;
				CLANG_CXX_LANGUAGE_STANDARD = "gnu++14";
				CLANG_CXX_LIBRARY = "libc++";
				CLANG_ENABLE_MODULES = YES;
				CLANG_ENABLE_OBJC_ARC = YES;
				CLANG_ENABLE_OBJC_WEAK = YES;
				CLANG_WARN_BLOCK_CAPTURE_AUTORELEASING = YES;
				CLANG_WARN_BOOL_CONVERSION = YES;
				CLANG_WARN_COMMA = YES;
				CLANG_WARN_CONSTANT_CONVERSION = YES;
				CLANG_WARN_DEPRECATED_OBJC_IMPLEMENTATIONS = YES;
				CLANG_WARN_DIRECT_OBJC_ISA_USAGE = YES_ERROR;
				CLANG_WARN_DOCUMENTATION_COMMENTS = YES;
				CLANG_WARN_EMPTY_BODY = YES;
				CLANG_WARN_ENUM_CONVERSION = YES;
				CLANG_WARN_INFINITE_RECURSION = YES;
				CLANG_WARN_INT_CONVERSION = YES;
				CLANG_WARN_NON_LITERAL_NULL_CONVERSION = YES;
				CLANG_WARN_OBJC_IMPLICIT_RETAIN_SELF = YES;
				CLANG_WARN_OBJC_LITERAL_CONVERSION = YES;
				CLANG_WARN_OBJC_ROOT_CLASS = YES_ERROR;
				CLANG_WARN_RANGE_LOOP_ANALYSIS = YES;
				CLANG_WARN_STRICT_PROTOTYPES = YES;
				CLANG_WARN_SUSPICIOUS_MOVE = YES;
				CLANG_WARN_UNGUARDED_AVAILABILITY = YES_AGGRESSIVE;
				CLANG_WARN_UNREACHABLE_CODE = YES;
				CLANG_WARN__DUPLICATE_METHOD_MATCH = YES;
				COPY_PHASE_STRIP = NO;
				DEBUG_INFORMATION_FORMAT = dwarf;
				ENABLE_STRICT_OBJC_MSGSEND = YES;
				ENABLE_TESTABILITY = YES;
				GCC_C_LANGUAGE_STANDARD = gnu11;
				GCC_DYNAMIC_NO_PIC = NO;
				GCC_NO_COMMON_BLOCKS = YES;
				GCC_OPTIMIZATION_LEVEL = 0;
				GCC_PREPROCESSOR_DEFINITIONS = (
					"DEBUG=1",
					"$(inherited)",
				);
				GCC_WARN_64_TO_32_BIT_CONVERSION = YES;
				GCC_WARN_ABOUT_RETURN_TYPE = YES_ERROR;
				GCC_WARN_UNDECLARED_SELECTOR = YES;
				GCC_WARN_UNINITIALIZED_AUTOS = YES_AGGRESSIVE;
				GCC_WARN_UNUSED_FUNCTION = YES;
				GCC_WARN_UNUSED_VARIABLE = YES;
				IPHONEOS_DEPLOYMENT_TARGET = 13.2;
				MTL_ENABLE_DEBUG_INFO = INCLUDE_SOURCE;
				MTL_FAST_MATH = YES;
				ONLY_ACTIVE_ARCH = YES;
				SDKROOT = iphoneos;
				SWIFT_ACTIVE_COMPILATION_CONDITIONS = DEBUG;
				SWIFT_OPTIMIZATION_LEVEL = "-Onone";
			};
			name = Debug;
		};
		4D22D756252C1C13007F198E /* Release */ = {
			isa = XCBuildConfiguration;
			buildSettings = {
				ALWAYS_SEARCH_USER_PATHS = NO;
				CLANG_ANALYZER_NONNULL = YES;
				CLANG_ANALYZER_NUMBER_OBJECT_CONVERSION = YES_AGGRESSIVE;
				CLANG_CXX_LANGUAGE_STANDARD = "gnu++14";
				CLANG_CXX_LIBRARY = "libc++";
				CLANG_ENABLE_MODULES = YES;
				CLANG_ENABLE_OBJC_ARC = YES;
				CLANG_ENABLE_OBJC_WEAK = YES;
				CLANG_WARN_BLOCK_CAPTURE_AUTORELEASING = YES;
				CLANG_WARN_BOOL_CONVERSION = YES;
				CLANG_WARN_COMMA = YES;
				CLANG_WARN_CONSTANT_CONVERSION = YES;
				CLANG_WARN_DEPRECATED_OBJC_IMPLEMENTATIONS = YES;
				CLANG_WARN_DIRECT_OBJC_ISA_USAGE = YES_ERROR;
				CLANG_WARN_DOCUMENTATION_COMMENTS = YES;
				CLANG_WARN_EMPTY_BODY = YES;
				CLANG_WARN_ENUM_CONVERSION = YES;
				CLANG_WARN_INFINITE_RECURSION = YES;
				CLANG_WARN_INT_CONVERSION = YES;
				CLANG_WARN_NON_LITERAL_NULL_CONVERSION = YES;
				CLANG_WARN_OBJC_IMPLICIT_RETAIN_SELF = YES;
				CLANG_WARN_OBJC_LITERAL_CONVERSION = YES;
				CLANG_WARN_OBJC_ROOT_CLASS = YES_ERROR;
				CLANG_WARN_RANGE_LOOP_ANALYSIS = YES;
				CLANG_WARN_STRICT_PROTOTYPES = YES;
				CLANG_WARN_SUSPICIOUS_MOVE = YES;
				CLANG_WARN_UNGUARDED_AVAILABILITY = YES_AGGRESSIVE;
				CLANG_WARN_UNREACHABLE_CODE = YES;
				CLANG_WARN__DUPLICATE_METHOD_MATCH = YES;
				COPY_PHASE_STRIP = NO;
				DEBUG_INFORMATION_FORMAT = "dwarf-with-dsym";
				ENABLE_NS_ASSERTIONS = NO;
				ENABLE_STRICT_OBJC_MSGSEND = YES;
				GCC_C_LANGUAGE_STANDARD = gnu11;
				GCC_NO_COMMON_BLOCKS = YES;
				GCC_WARN_64_TO_32_BIT_CONVERSION = YES;
				GCC_WARN_ABOUT_RETURN_TYPE = YES_ERROR;
				GCC_WARN_UNDECLARED_SELECTOR = YES;
				GCC_WARN_UNINITIALIZED_AUTOS = YES_AGGRESSIVE;
				GCC_WARN_UNUSED_FUNCTION = YES;
				GCC_WARN_UNUSED_VARIABLE = YES;
				IPHONEOS_DEPLOYMENT_TARGET = 13.2;
				MTL_ENABLE_DEBUG_INFO = NO;
				MTL_FAST_MATH = YES;
				SDKROOT = iphoneos;
				SWIFT_COMPILATION_MODE = wholemodule;
				SWIFT_OPTIMIZATION_LEVEL = "-O";
				VALIDATE_PRODUCT = YES;
			};
			name = Release;
		};
		4D22D758252C1C13007F198E /* Debug */ = {
			isa = XCBuildConfiguration;
			baseConfigurationReference = 308B6EA7012131F1721DD905 /* Pods-workoutApp.debug.xcconfig */;
			buildSettings = {
				ASSETCATALOG_COMPILER_APPICON_NAME = AppIcon;
				CODE_SIGN_STYLE = Automatic;
				INFOPLIST_FILE = workoutApp/Info.plist;
				LD_RUNPATH_SEARCH_PATHS = (
					"$(inherited)",
					"@executable_path/Frameworks",
				);
				PRODUCT_BUNDLE_IDENTIFIER = com.charlieperkins.workoutApp;
				PRODUCT_NAME = "$(TARGET_NAME)";
				SWIFT_VERSION = 5.0;
				TARGETED_DEVICE_FAMILY = "1,2";
			};
			name = Debug;
		};
		4D22D759252C1C13007F198E /* Release */ = {
			isa = XCBuildConfiguration;
			baseConfigurationReference = 74543E353B12591FDFF7B9F5 /* Pods-workoutApp.release.xcconfig */;
			buildSettings = {
				ASSETCATALOG_COMPILER_APPICON_NAME = AppIcon;
				CODE_SIGN_STYLE = Automatic;
				INFOPLIST_FILE = workoutApp/Info.plist;
				LD_RUNPATH_SEARCH_PATHS = (
					"$(inherited)",
					"@executable_path/Frameworks",
				);
				PRODUCT_BUNDLE_IDENTIFIER = com.charlieperkins.workoutApp;
				PRODUCT_NAME = "$(TARGET_NAME)";
				SWIFT_VERSION = 5.0;
				TARGETED_DEVICE_FAMILY = "1,2";
			};
			name = Release;
		};
/* End XCBuildConfiguration section */

/* Begin XCConfigurationList section */
		4D22D73E252C1C01007F198E /* Build configuration list for PBXProject "workoutApp" */ = {
			isa = XCConfigurationList;
			buildConfigurations = (
				4D22D755252C1C13007F198E /* Debug */,
				4D22D756252C1C13007F198E /* Release */,
			);
			defaultConfigurationIsVisible = 0;
			defaultConfigurationName = Release;
		};
		4D22D757252C1C13007F198E /* Build configuration list for PBXNativeTarget "workoutApp" */ = {
			isa = XCConfigurationList;
			buildConfigurations = (
				4D22D758252C1C13007F198E /* Debug */,
				4D22D759252C1C13007F198E /* Release */,
			);
			defaultConfigurationIsVisible = 0;
			defaultConfigurationName = Release;
		};
/* End XCConfigurationList section */
	};
	rootObject = 4D22D73B252C1C00007F198E /* Project object */;
}
